
Microsoft Visual Studio Solution File, Format Version 12.00
# Visual Studio Version 17
VisualStudioVersion = 17.5.002.0
MinimumVisualStudioVersion = 10.0.40219.1
Project("{9A19103F-16F7-4668-BE54-9A1E7A4F7556}") = "desenvolvimento web", "desenvolvimento web.csproj", "{18C896A8-5B6A-4F83-90A9-B7A517F5E3F2}"
EndProject
Global
	GlobalSection(SolutionConfigurationPlatforms) = preSolution
		Debug|Any CPU = Debug|Any CPU
		Release|Any CPU = Release|Any CPU
	EndGlobalSection
	GlobalSection(ProjectConfigurationPlatforms) = postSolution
		{18C896A8-5B6A-4F83-90A9-B7A517F5E3F2}.Debug|Any CPU.ActiveCfg = Debug|Any CPU
		{18C896A8-5B6A-4F83-90A9-B7A517F5E3F2}.Debug|Any CPU.Build.0 = Debug|Any CPU
		{18C896A8-5B6A-4F83-90A9-B7A517F5E3F2}.Release|Any CPU.ActiveCfg = Release|Any CPU
		{18C896A8-5B6A-4F83-90A9-B7A517F5E3F2}.Release|Any CPU.Build.0 = Release|Any CPU
	EndGlobalSection
	GlobalSection(SolutionProperties) = preSolution
		HideSolutionNode = FALSE
	EndGlobalSection
	GlobalSection(ExtensibilityGlobals) = postSolution
		SolutionGuid = {2C6B3704-646B-4281-BFCA-3C60BF9FAB0E}
	EndGlobalSection
EndGlobal
